
Microsoft Visual Studio Solution File, Format Version 12.00
# Visual Studio Version 16
VisualStudioVersion = 16.0.31321.278
MinimumVisualStudioVersion = 10.0.40219.1
Project("{FAE04EC0-301F-11D3-BF4B-00C04F79EFBC}") = "ConfigurationSample", "WebApplication1\ConfigurationSample.csproj", "{84D1EA56-D08E-436D-ABD7-D36781D4B119}"
EndProject
Global
	GlobalSection(SolutionConfigurationPlatforms) = preSolution
		Debug|Any CPU = Debug|Any CPU
		Release|Any CPU = Release|Any CPU
	EndGlobalSection
	GlobalSection(ProjectConfigurationPlatforms) = postSolution
		{84D1EA56-D08E-436D-ABD7-D36781D4B119}.Debug|Any CPU.ActiveCfg = Debug|Any CPU
		{84D1EA56-D08E-436D-ABD7-D36781D4B119}.Debug|Any CPU.Build.0 = Debug|Any CPU
		{84D1EA56-D08E-436D-ABD7-D36781D4B119}.Release|Any CPU.ActiveCfg = Release|Any CPU
		{84D1EA56-D08E-436D-ABD7-D36781D4B119}.Release|Any CPU.Build.0 = Release|Any CPU
	EndGlobalSection
	GlobalSection(SolutionProperties) = preSolution
		HideSolutionNode = FALSE
	EndGlobalSection
	GlobalSection(ExtensibilityGlobals) = postSolution
		SolutionGuid = {035D83B1-2CC3-452F-A850-EDE9B4215FC1}
	EndGlobalSection
EndGlobal
